// !$*UTF8*$!
{
	archiveVersion = 1;
	classes = {
	};
	objectVersion = 51;
	objects = {

/* Begin PBXBuildFile section */
		10E12E1E3A108B4DD9C83826 /* Pods_DropboxClientAppTests.framework in Frameworks */ = {isa = PBXBuildFile; fileRef = D8C85AFFFA3D51FE9C199AD5 /* Pods_DropboxClientAppTests.framework */; };
		448C7162745A00ABEC69C886 /* Pods_DropboxClientApp.framework in Frameworks */ = {isa = PBXBuildFile; fileRef = D798593134FC2DF23938F86D /* Pods_DropboxClientApp.framework */; };
		E175994624735B2C00939FDC /* AppDelegate.swift in Sources */ = {isa = PBXBuildFile; fileRef = E175994524735B2C00939FDC /* AppDelegate.swift */; };
		E175994A24735B2C00939FDC /* MainViewController.swift in Sources */ = {isa = PBXBuildFile; fileRef = E175994924735B2C00939FDC /* MainViewController.swift */; };
		E175994F24735B2E00939FDC /* Assets.xcassets in Resources */ = {isa = PBXBuildFile; fileRef = E175994E24735B2E00939FDC /* Assets.xcassets */; };
		E175995224735B2E00939FDC /* LaunchScreen.storyboard in Resources */ = {isa = PBXBuildFile; fileRef = E175995024735B2E00939FDC /* LaunchScreen.storyboard */; };
		E175995D24735B2F00939FDC /* DropboxClientAppTests.swift in Sources */ = {isa = PBXBuildFile; fileRef = E175995C24735B2F00939FDC /* DropboxClientAppTests.swift */; };
		E175997624741D5900939FDC /* NavigationViewController.swift in Sources */ = {isa = PBXBuildFile; fileRef = E175997524741D5900939FDC /* NavigationViewController.swift */; };
		E175997824741DBF00939FDC /* DocumentsTableViewController.swift in Sources */ = {isa = PBXBuildFile; fileRef = E175997724741DBF00939FDC /* DocumentsTableViewController.swift */; };
		E1B725772474949200A6B0A7 /* ServicesWebAPI.swift in Sources */ = {isa = PBXBuildFile; fileRef = E1B725762474949200A6B0A7 /* ServicesWebAPI.swift */; };
		E1B725792474A0B000A6B0A7 /* DocumentsAdapter.swift in Sources */ = {isa = PBXBuildFile; fileRef = E1B725782474A0B000A6B0A7 /* DocumentsAdapter.swift */; };
		E1B7257B2474A16500A6B0A7 /* DocumentsPresenter.swift in Sources */ = {isa = PBXBuildFile; fileRef = E1B7257A2474A16500A6B0A7 /* DocumentsPresenter.swift */; };
		E1B7257D2474AD7000A6B0A7 /* DataModel.swift in Sources */ = {isa = PBXBuildFile; fileRef = E1B7257C2474AD7000A6B0A7 /* DataModel.swift */; };
/* End PBXBuildFile section */

/* Begin PBXContainerItemProxy section */
		E175995924735B2F00939FDC /* PBXContainerItemProxy */ = {
			isa = PBXContainerItemProxy;
			containerPortal = E175993A24735B2C00939FDC /* Project object */;
			proxyType = 1;
			remoteGlobalIDString = E175994124735B2C00939FDC;
			remoteInfo = DropboxClientApp;
		};
/* End PBXContainerItemProxy section */

/* Begin PBXFileReference section */
		473FAFB7E0EC2F9CBA93D4F0 /* Pods-DropboxClientApp.release.xcconfig */ = {isa = PBXFileReference; includeInIndex = 1; lastKnownFileType = text.xcconfig; name = "Pods-DropboxClientApp.release.xcconfig"; path = "Target Support Files/Pods-DropboxClientApp/Pods-DropboxClientApp.release.xcconfig"; sourceTree = "<group>"; };
		5DFA6922213151BF745A17D8 /* Pods-DropboxClientAppTests.release.xcconfig */ = {isa = PBXFileReference; includeInIndex = 1; lastKnownFileType = text.xcconfig; name = "Pods-DropboxClientAppTests.release.xcconfig"; path = "Target Support Files/Pods-DropboxClientAppTests/Pods-DropboxClientAppTests.release.xcconfig"; sourceTree = "<group>"; };
		C5014CF557BFC1CC90E6DE58 /* Pods-DropboxClientApp.debug.xcconfig */ = {isa = PBXFileReference; includeInIndex = 1; lastKnownFileType = text.xcconfig; name = "Pods-DropboxClientApp.debug.xcconfig"; path = "Target Support Files/Pods-DropboxClientApp/Pods-DropboxClientApp.debug.xcconfig"; sourceTree = "<group>"; };
		D798593134FC2DF23938F86D /* Pods_DropboxClientApp.framework */ = {isa = PBXFileReference; explicitFileType = wrapper.framework; includeInIndex = 0; path = Pods_DropboxClientApp.framework; sourceTree = BUILT_PRODUCTS_DIR; };
		D8C85AFFFA3D51FE9C199AD5 /* Pods_DropboxClientAppTests.framework */ = {isa = PBXFileReference; explicitFileType = wrapper.framework; includeInIndex = 0; path = Pods_DropboxClientAppTests.framework; sourceTree = BUILT_PRODUCTS_DIR; };
		E175994224735B2C00939FDC /* DropboxClientApp.app */ = {isa = PBXFileReference; explicitFileType = wrapper.application; includeInIndex = 0; path = DropboxClientApp.app; sourceTree = BUILT_PRODUCTS_DIR; };
		E175994524735B2C00939FDC /* AppDelegate.swift */ = {isa = PBXFileReference; lastKnownFileType = sourcecode.swift; path = AppDelegate.swift; sourceTree = "<group>"; };
		E175994924735B2C00939FDC /* MainViewController.swift */ = {isa = PBXFileReference; lastKnownFileType = sourcecode.swift; path = MainViewController.swift; sourceTree = "<group>"; };
		E175994E24735B2E00939FDC /* Assets.xcassets */ = {isa = PBXFileReference; lastKnownFileType = folder.assetcatalog; path = Assets.xcassets; sourceTree = "<group>"; };
		E175995124735B2E00939FDC /* Base */ = {isa = PBXFileReference; lastKnownFileType = file.storyboard; name = Base; path = Base.lproj/LaunchScreen.storyboard; sourceTree = "<group>"; };
		E175995324735B2E00939FDC /* Info.plist */ = {isa = PBXFileReference; lastKnownFileType = text.plist.xml; path = Info.plist; sourceTree = "<group>"; };
		E175995824735B2F00939FDC /* DropboxClientAppTests.xctest */ = {isa = PBXFileReference; explicitFileType = wrapper.cfbundle; includeInIndex = 0; path = DropboxClientAppTests.xctest; sourceTree = BUILT_PRODUCTS_DIR; };
		E175995C24735B2F00939FDC /* DropboxClientAppTests.swift */ = {isa = PBXFileReference; lastKnownFileType = sourcecode.swift; path = DropboxClientAppTests.swift; sourceTree = "<group>"; };
		E175995E24735B2F00939FDC /* Info.plist */ = {isa = PBXFileReference; lastKnownFileType = text.plist.xml; path = Info.plist; sourceTree = "<group>"; };
		E175997524741D5900939FDC /* NavigationViewController.swift */ = {isa = PBXFileReference; lastKnownFileType = sourcecode.swift; path = NavigationViewController.swift; sourceTree = "<group>"; };
		E175997724741DBF00939FDC /* DocumentsTableViewController.swift */ = {isa = PBXFileReference; lastKnownFileType = sourcecode.swift; path = DocumentsTableViewController.swift; sourceTree = "<group>"; };
		E1B725762474949200A6B0A7 /* ServicesWebAPI.swift */ = {isa = PBXFileReference; lastKnownFileType = sourcecode.swift; path = ServicesWebAPI.swift; sourceTree = "<group>"; };
		E1B725782474A0B000A6B0A7 /* DocumentsAdapter.swift */ = {isa = PBXFileReference; lastKnownFileType = sourcecode.swift; path = DocumentsAdapter.swift; sourceTree = "<group>"; };
		E1B7257A2474A16500A6B0A7 /* DocumentsPresenter.swift */ = {isa = PBXFileReference; lastKnownFileType = sourcecode.swift; path = DocumentsPresenter.swift; sourceTree = "<group>"; };
		E1B7257C2474AD7000A6B0A7 /* DataModel.swift */ = {isa = PBXFileReference; lastKnownFileType = sourcecode.swift; path = DataModel.swift; sourceTree = "<group>"; };
		FA12EED5FA8897ACD0BF2C48 /* Pods-DropboxClientAppTests.debug.xcconfig */ = {isa = PBXFileReference; includeInIndex = 1; lastKnownFileType = text.xcconfig; name = "Pods-DropboxClientAppTests.debug.xcconfig"; path = "Target Support Files/Pods-DropboxClientAppTests/Pods-DropboxClientAppTests.debug.xcconfig"; sourceTree = "<group>"; };
/* End PBXFileReference section */

/* Begin PBXFrameworksBuildPhase section */
		E175993F24735B2C00939FDC /* Frameworks */ = {
			isa = PBXFrameworksBuildPhase;
			buildActionMask = 2147483647;
			files = (
				448C7162745A00ABEC69C886 /* Pods_DropboxClientApp.framework in Frameworks */,
			);
			runOnlyForDeploymentPostprocessing = 0;
		};
		E175995524735B2F00939FDC /* Frameworks */ = {
			isa = PBXFrameworksBuildPhase;
			buildActionMask = 2147483647;
			files = (
				10E12E1E3A108B4DD9C83826 /* Pods_DropboxClientAppTests.framework in Frameworks */,
			);
			runOnlyForDeploymentPostprocessing = 0;
		};
/* End PBXFrameworksBuildPhase section */

/* Begin PBXGroup section */
		23DAAF9CFB83A38607AA1493 /* Frameworks */ = {
			isa = PBXGroup;
			children = (
				D798593134FC2DF23938F86D /* Pods_DropboxClientApp.framework */,
				D8C85AFFFA3D51FE9C199AD5 /* Pods_DropboxClientAppTests.framework */,
			);
			name = Frameworks;
			sourceTree = "<group>";
		};
		96E32AB5F4EA3AA6D53BDFCA /* Pods */ = {
			isa = PBXGroup;
			children = (
				C5014CF557BFC1CC90E6DE58 /* Pods-DropboxClientApp.debug.xcconfig */,
				473FAFB7E0EC2F9CBA93D4F0 /* Pods-DropboxClientApp.release.xcconfig */,
				FA12EED5FA8897ACD0BF2C48 /* Pods-DropboxClientAppTests.debug.xcconfig */,
				5DFA6922213151BF745A17D8 /* Pods-DropboxClientAppTests.release.xcconfig */,
			);
			path = Pods;
			sourceTree = "<group>";
		};
		E13A41A024760E3A0044574A /* Views */ = {
			isa = PBXGroup;
			children = (
				E175997724741DBF00939FDC /* DocumentsTableViewController.swift */,
			);
			path = Views;
			sourceTree = "<group>";
		};
		E13A41A124760E4B0044574A /* Presenters */ = {
			isa = PBXGroup;
			children = (
				E1B7257A2474A16500A6B0A7 /* DocumentsPresenter.swift */,
			);
			path = Presenters;
			sourceTree = "<group>";
		};
		E175993924735B2C00939FDC = {
			isa = PBXGroup;
			children = (
				E175994424735B2C00939FDC /* DropboxClientApp */,
				E175995B24735B2F00939FDC /* DropboxClientAppTests */,
				E175994324735B2C00939FDC /* Products */,
				96E32AB5F4EA3AA6D53BDFCA /* Pods */,
				23DAAF9CFB83A38607AA1493 /* Frameworks */,
			);
			sourceTree = "<group>";
		};
		E175994324735B2C00939FDC /* Products */ = {
			isa = PBXGroup;
			children = (
				E175994224735B2C00939FDC /* DropboxClientApp.app */,
				E175995824735B2F00939FDC /* DropboxClientAppTests.xctest */,
			);
			name = Products;
			sourceTree = "<group>";
		};
		E175994424735B2C00939FDC /* DropboxClientApp */ = {
			isa = PBXGroup;
			children = (
				E175996F2473660A00939FDC /* Services */,
				E175996E247365FF00939FDC /* UI */,
				E175994524735B2C00939FDC /* AppDelegate.swift */,
				E175994924735B2C00939FDC /* MainViewController.swift */,
				E175994E24735B2E00939FDC /* Assets.xcassets */,
				E175995024735B2E00939FDC /* LaunchScreen.storyboard */,
				E175995324735B2E00939FDC /* Info.plist */,
			);
			path = DropboxClientApp;
			sourceTree = "<group>";
		};
		E175995B24735B2F00939FDC /* DropboxClientAppTests */ = {
			isa = PBXGroup;
			children = (
				E175995C24735B2F00939FDC /* DropboxClientAppTests.swift */,
				E175995E24735B2F00939FDC /* Info.plist */,
			);
			path = DropboxClientAppTests;
			sourceTree = "<group>";
		};
		E175996E247365FF00939FDC /* UI */ = {
			isa = PBXGroup;
			children = (
				E175997524741D5900939FDC /* NavigationViewController.swift */,
				E13A41A124760E4B0044574A /* Presenters */,
				E13A41A024760E3A0044574A /* Views */,
			);
			path = UI;
			sourceTree = "<group>";
		};
		E175996F2473660A00939FDC /* Services */ = {
			isa = PBXGroup;
			children = (
				E1B725762474949200A6B0A7 /* ServicesWebAPI.swift */,
				E1B725782474A0B000A6B0A7 /* DocumentsAdapter.swift */,
				E1B7257C2474AD7000A6B0A7 /* DataModel.swift */,
			);
			path = Services;
			sourceTree = "<group>";
		};
/* End PBXGroup section */

/* Begin PBXNativeTarget section */
		E175994124735B2C00939FDC /* DropboxClientApp */ = {
			isa = PBXNativeTarget;
			buildConfigurationList = E175996124735B2F00939FDC /* Build configuration list for PBXNativeTarget "DropboxClientApp" */;
			buildPhases = (
				741D9FF58564EE1539F89476 /* [CP] Check Pods Manifest.lock */,
				E175993E24735B2C00939FDC /* Sources */,
				E175993F24735B2C00939FDC /* Frameworks */,
				E175994024735B2C00939FDC /* Resources */,
				2F26FA92AA9E811F62139976 /* [CP] Embed Pods Frameworks */,
			);
			buildRules = (
			);
			dependencies = (
			);
			name = DropboxClientApp;
			productName = DropboxClientApp;
			productReference = E175994224735B2C00939FDC /* DropboxClientApp.app */;
			productType = "com.apple.product-type.application";
		};
		E175995724735B2F00939FDC /* DropboxClientAppTests */ = {
			isa = PBXNativeTarget;
			buildConfigurationList = E175996424735B2F00939FDC /* Build configuration list for PBXNativeTarget "DropboxClientAppTests" */;
			buildPhases = (
				7F5FBA88BB4868337DD0C98B /* [CP] Check Pods Manifest.lock */,
				E175995424735B2F00939FDC /* Sources */,
				E175995524735B2F00939FDC /* Frameworks */,
				E175995624735B2F00939FDC /* Resources */,
			);
			buildRules = (
			);
			dependencies = (
				E175995A24735B2F00939FDC /* PBXTargetDependency */,
			);
			name = DropboxClientAppTests;
			productName = DropboxClientAppTests;
			productReference = E175995824735B2F00939FDC /* DropboxClientAppTests.xctest */;
			productType = "com.apple.product-type.bundle.unit-test";
		};
/* End PBXNativeTarget section */

/* Begin PBXProject section */
		E175993A24735B2C00939FDC /* Project object */ = {
			isa = PBXProject;
			attributes = {
				LastSwiftUpdateCheck = 1140;
				LastUpgradeCheck = 1140;
				ORGANIZATIONNAME = "Rafael Amezquita";
				TargetAttributes = {
					E175994124735B2C00939FDC = {
						CreatedOnToolsVersion = 11.4.1;
					};
					E175995724735B2F00939FDC = {
						CreatedOnToolsVersion = 11.4.1;
						TestTargetID = E175994124735B2C00939FDC;
					};
				};
			};
			buildConfigurationList = E175993D24735B2C00939FDC /* Build configuration list for PBXProject "DropboxClientApp" */;
			compatibilityVersion = "Xcode 9.3";
			developmentRegion = en;
			hasScannedForEncodings = 0;
			knownRegions = (
				en,
				Base,
			);
			mainGroup = E175993924735B2C00939FDC;
			productRefGroup = E175994324735B2C00939FDC /* Products */;
			projectDirPath = "";
			projectRoot = "";
			targets = (
				E175994124735B2C00939FDC /* DropboxClientApp */,
				E175995724735B2F00939FDC /* DropboxClientAppTests */,
			);
		};
/* End PBXProject section */

/* Begin PBXResourcesBuildPhase section */
		E175994024735B2C00939FDC /* Resources */ = {
			isa = PBXResourcesBuildPhase;
			buildActionMask = 2147483647;
			files = (
				E175995224735B2E00939FDC /* LaunchScreen.storyboard in Resources */,
				E175994F24735B2E00939FDC /* Assets.xcassets in Resources */,
			);
			runOnlyForDeploymentPostprocessing = 0;
		};
		E175995624735B2F00939FDC /* Resources */ = {
			isa = PBXResourcesBuildPhase;
			buildActionMask = 2147483647;
			files = (
			);
			runOnlyForDeploymentPostprocessing = 0;
		};
/* End PBXResourcesBuildPhase section */

/* Begin PBXShellScriptBuildPhase section */
		2F26FA92AA9E811F62139976 /* [CP] Embed Pods Frameworks */ = {
			isa = PBXShellScriptBuildPhase;
			buildActionMask = 2147483647;
			files = (
			);
			inputFileListPaths = (
				"${PODS_ROOT}/Target Support Files/Pods-DropboxClientApp/Pods-DropboxClientApp-frameworks-${CONFIGURATION}-input-files.xcfilelist",
			);
			name = "[CP] Embed Pods Frameworks";
			outputFileListPaths = (
				"${PODS_ROOT}/Target Support Files/Pods-DropboxClientApp/Pods-DropboxClientApp-frameworks-${CONFIGURATION}-output-files.xcfilelist",
			);
			runOnlyForDeploymentPostprocessing = 0;
			shellPath = /bin/sh;
			shellScript = "\"${PODS_ROOT}/Target Support Files/Pods-DropboxClientApp/Pods-DropboxClientApp-frameworks.sh\"\n";
			showEnvVarsInLog = 0;
		};
		741D9FF58564EE1539F89476 /* [CP] Check Pods Manifest.lock */ = {
			isa = PBXShellScriptBuildPhase;
			buildActionMask = 2147483647;
			files = (
			);
			inputFileListPaths = (
			);
			inputPaths = (
				"${PODS_PODFILE_DIR_PATH}/Podfile.lock",
				"${PODS_ROOT}/Manifest.lock",
			);
			name = "[CP] Check Pods Manifest.lock";
			outputFileListPaths = (
			);
			outputPaths = (
				"$(DERIVED_FILE_DIR)/Pods-DropboxClientApp-checkManifestLockResult.txt",
			);
			runOnlyForDeploymentPostprocessing = 0;
			shellPath = /bin/sh;
			shellScript = "diff \"${PODS_PODFILE_DIR_PATH}/Podfile.lock\" \"${PODS_ROOT}/Manifest.lock\" > /dev/null\nif [ $? != 0 ] ; then\n    # print error to STDERR\n    echo \"error: The sandbox is not in sync with the Podfile.lock. Run 'pod install' or update your CocoaPods installation.\" >&2\n    exit 1\nfi\n# This output is used by Xcode 'outputs' to avoid re-running this script phase.\necho \"SUCCESS\" > \"${SCRIPT_OUTPUT_FILE_0}\"\n";
			showEnvVarsInLog = 0;
		};
		7F5FBA88BB4868337DD0C98B /* [CP] Check Pods Manifest.lock */ = {
			isa = PBXShellScriptBuildPhase;
			buildActionMask = 2147483647;
			files = (
			);
			inputFileListPaths = (
			);
			inputPaths = (
				"${PODS_PODFILE_DIR_PATH}/Podfile.lock",
				"${PODS_ROOT}/Manifest.lock",
			);
			name = "[CP] Check Pods Manifest.lock";
			outputFileListPaths = (
			);
			outputPaths = (
				"$(DERIVED_FILE_DIR)/Pods-DropboxClientAppTests-checkManifestLockResult.txt",
			);
			runOnlyForDeploymentPostprocessing = 0;
			shellPath = /bin/sh;
			shellScript = "diff \"${PODS_PODFILE_DIR_PATH}/Podfile.lock\" \"${PODS_ROOT}/Manifest.lock\" > /dev/null\nif [ $? != 0 ] ; then\n    # print error to STDERR\n    echo \"error: The sandbox is not in sync with the Podfile.lock. Run 'pod install' or update your CocoaPods installation.\" >&2\n    exit 1\nfi\n# This output is used by Xcode 'outputs' to avoid re-running this script phase.\necho \"SUCCESS\" > \"${SCRIPT_OUTPUT_FILE_0}\"\n";
			showEnvVarsInLog = 0;
		};
/* End PBXShellScriptBuildPhase section */

/* Begin PBXSourcesBuildPhase section */
		E175993E24735B2C00939FDC /* Sources */ = {
			isa = PBXSourcesBuildPhase;
			buildActionMask = 2147483647;
			files = (
				E175997624741D5900939FDC /* NavigationViewController.swift in Sources */,
				E175997824741DBF00939FDC /* DocumentsTableViewController.swift in Sources */,
				E1B7257B2474A16500A6B0A7 /* DocumentsPresenter.swift in Sources */,
				E175994A24735B2C00939FDC /* MainViewController.swift in Sources */,
				E175994624735B2C00939FDC /* AppDelegate.swift in Sources */,
				E1B7257D2474AD7000A6B0A7 /* DataModel.swift in Sources */,
				E1B725792474A0B000A6B0A7 /* DocumentsAdapter.swift in Sources */,
				E1B725772474949200A6B0A7 /* ServicesWebAPI.swift in Sources */,
			);
			runOnlyForDeploymentPostprocessing = 0;
		};
		E175995424735B2F00939FDC /* Sources */ = {
			isa = PBXSourcesBuildPhase;
			buildActionMask = 2147483647;
			files = (
				E175995D24735B2F00939FDC /* DropboxClientAppTests.swift in Sources */,
			);
			runOnlyForDeploymentPostprocessing = 0;
		};
/* End PBXSourcesBuildPhase section */

/* Begin PBXTargetDependency section */
		E175995A24735B2F00939FDC /* PBXTargetDependency */ = {
			isa = PBXTargetDependency;
			target = E175994124735B2C00939FDC /* DropboxClientApp */;
			targetProxy = E175995924735B2F00939FDC /* PBXContainerItemProxy */;
		};
/* End PBXTargetDependency section */

/* Begin PBXVariantGroup section */
		E175995024735B2E00939FDC /* LaunchScreen.storyboard */ = {
			isa = PBXVariantGroup;
			children = (
				E175995124735B2E00939FDC /* Base */,
			);
			name = LaunchScreen.storyboard;
			sourceTree = "<group>";
		};
/* End PBXVariantGroup section */

/* Begin XCBuildConfiguration section */
		E175995F24735B2F00939FDC /* Debug */ = {
			isa = XCBuildConfiguration;
			buildSettings = {
				ALWAYS_SEARCH_USER_PATHS = NO;
				CLANG_ANALYZER_NONNULL = YES;
				CLANG_ANALYZER_NUMBER_OBJECT_CONVERSION = YES_AGGRESSIVE;
				CLANG_CXX_LANGUAGE_STANDARD = "gnu++14";
				CLANG_CXX_LIBRARY = "libc++";
				CLANG_ENABLE_MODULES = YES;
				CLANG_ENABLE_OBJC_ARC = YES;
				CLANG_ENABLE_OBJC_WEAK = YES;
				CLANG_WARN_BLOCK_CAPTURE_AUTORELEASING = YES;
				CLANG_WARN_BOOL_CONVERSION = YES;
				CLANG_WARN_COMMA = YES;
				CLANG_WARN_CONSTANT_CONVERSION = YES;
				CLANG_WARN_DEPRECATED_OBJC_IMPLEMENTATIONS = YES;
				CLANG_WARN_DIRECT_OBJC_ISA_USAGE = YES_ERROR;
				CLANG_WARN_DOCUMENTATION_COMMENTS = YES;
				CLANG_WARN_EMPTY_BODY = YES;
				CLANG_WARN_ENUM_CONVERSION = YES;
				CLANG_WARN_INFINITE_RECURSION = YES;
				CLANG_WARN_INT_CONVERSION = YES;
				CLANG_WARN_NON_LITERAL_NULL_CONVERSION = YES;
				CLANG_WARN_OBJC_IMPLICIT_RETAIN_SELF = YES;
				CLANG_WARN_OBJC_LITERAL_CONVERSION = YES;
				CLANG_WARN_OBJC_ROOT_CLASS = YES_ERROR;
				CLANG_WARN_RANGE_LOOP_ANALYSIS = YES;
				CLANG_WARN_STRICT_PROTOTYPES = YES;
				CLANG_WARN_SUSPICIOUS_MOVE = YES;
				CLANG_WARN_UNGUARDED_AVAILABILITY = YES_AGGRESSIVE;
				CLANG_WARN_UNREACHABLE_CODE = YES;
				CLANG_WARN__DUPLICATE_METHOD_MATCH = YES;
				COPY_PHASE_STRIP = NO;
				DEBUG_INFORMATION_FORMAT = dwarf;
				ENABLE_STRICT_OBJC_MSGSEND = YES;
				ENABLE_TESTABILITY = YES;
				GCC_C_LANGUAGE_STANDARD = gnu11;
				GCC_DYNAMIC_NO_PIC = NO;
				GCC_NO_COMMON_BLOCKS = YES;
				GCC_OPTIMIZATION_LEVEL = 0;
				GCC_PREPROCESSOR_DEFINITIONS = (
					"DEBUG=1",
					"$(inherited)",
				);
				GCC_WARN_64_TO_32_BIT_CONVERSION = YES;
				GCC_WARN_ABOUT_RETURN_TYPE = YES_ERROR;
				GCC_WARN_UNDECLARED_SELECTOR = YES;
				GCC_WARN_UNINITIALIZED_AUTOS = YES_AGGRESSIVE;
				GCC_WARN_UNUSED_FUNCTION = YES;
				GCC_WARN_UNUSED_VARIABLE = YES;
				IPHONEOS_DEPLOYMENT_TARGET = 13.4;
				MTL_ENABLE_DEBUG_INFO = INCLUDE_SOURCE;
				MTL_FAST_MATH = YES;
				ONLY_ACTIVE_ARCH = YES;
				SDKROOT = iphoneos;
				SWIFT_ACTIVE_COMPILATION_CONDITIONS = DEBUG;
				SWIFT_OPTIMIZATION_LEVEL = "-Onone";
			};
			name = Debug;
		};
		E175996024735B2F00939FDC /* Release */ = {
			isa = XCBuildConfiguration;
			buildSettings = {
				ALWAYS_SEARCH_USER_PATHS = NO;
				CLANG_ANALYZER_NONNULL = YES;
				CLANG_ANALYZER_NUMBER_OBJECT_CONVERSION = YES_AGGRESSIVE;
				CLANG_CXX_LANGUAGE_STANDARD = "gnu++14";
				CLANG_CXX_LIBRARY = "libc++";
				CLANG_ENABLE_MODULES = YES;
				CLANG_ENABLE_OBJC_ARC = YES;
				CLANG_ENABLE_OBJC_WEAK = YES;
				CLANG_WARN_BLOCK_CAPTURE_AUTORELEASING = YES;
				CLANG_WARN_BOOL_CONVERSION = YES;
				CLANG_WARN_COMMA = YES;
				CLANG_WARN_CONSTANT_CONVERSION = YES;
				CLANG_WARN_DEPRECATED_OBJC_IMPLEMENTATIONS = YES;
				CLANG_WARN_DIRECT_OBJC_ISA_USAGE = YES_ERROR;
				CLANG_WARN_DOCUMENTATION_COMMENTS = YES;
				CLANG_WARN_EMPTY_BODY = YES;
				CLANG_WARN_ENUM_CONVERSION = YES;
				CLANG_WARN_INFINITE_RECURSION = YES;
				CLANG_WARN_INT_CONVERSION = YES;
				CLANG_WARN_NON_LITERAL_NULL_CONVERSION = YES;
				CLANG_WARN_OBJC_IMPLICIT_RETAIN_SELF = YES;
				CLANG_WARN_OBJC_LITERAL_CONVERSION = YES;
				CLANG_WARN_OBJC_ROOT_CLASS = YES_ERROR;
				CLANG_WARN_RANGE_LOOP_ANALYSIS = YES;
				CLANG_WARN_STRICT_PROTOTYPES = YES;
				CLANG_WARN_SUSPICIOUS_MOVE = YES;
				CLANG_WARN_UNGUARDED_AVAILABILITY = YES_AGGRESSIVE;
				CLANG_WARN_UNREACHABLE_CODE = YES;
				CLANG_WARN__DUPLICATE_METHOD_MATCH = YES;
				COPY_PHASE_STRIP = NO;
				DEBUG_INFORMATION_FORMAT = "dwarf-with-dsym";
				ENABLE_NS_ASSERTIONS = NO;
				ENABLE_STRICT_OBJC_MSGSEND = YES;
				GCC_C_LANGUAGE_STANDARD = gnu11;
				GCC_NO_COMMON_BLOCKS = YES;
				GCC_WARN_64_TO_32_BIT_CONVERSION = YES;
				GCC_WARN_ABOUT_RETURN_TYPE = YES_ERROR;
				GCC_WARN_UNDECLARED_SELECTOR = YES;
				GCC_WARN_UNINITIALIZED_AUTOS = YES_AGGRESSIVE;
				GCC_WARN_UNUSED_FUNCTION = YES;
				GCC_WARN_UNUSED_VARIABLE = YES;
				IPHONEOS_DEPLOYMENT_TARGET = 13.4;
				MTL_ENABLE_DEBUG_INFO = NO;
				MTL_FAST_MATH = YES;
				SDKROOT = iphoneos;
				SWIFT_COMPILATION_MODE = wholemodule;
				SWIFT_OPTIMIZATION_LEVEL = "-O";
				VALIDATE_PRODUCT = YES;
			};
			name = Release;
		};
		E175996224735B2F00939FDC /* Debug */ = {
			isa = XCBuildConfiguration;
			baseConfigurationReference = C5014CF557BFC1CC90E6DE58 /* Pods-DropboxClientApp.debug.xcconfig */;
			buildSettings = {
				ASSETCATALOG_COMPILER_APPICON_NAME = AppIcon;
				CODE_SIGN_STYLE = Automatic;
				INFOPLIST_FILE = DropboxClientApp/Info.plist;
				IPHONEOS_DEPLOYMENT_TARGET = 11.0;
				LD_RUNPATH_SEARCH_PATHS = (
					"$(inherited)",
					"@executable_path/Frameworks",
				);
				PRODUCT_BUNDLE_IDENTIFIER = com.org.DropboxClientApp;
				PRODUCT_NAME = "$(TARGET_NAME)";
				SWIFT_VERSION = 5.0;
				TARGETED_DEVICE_FAMILY = "1,2";
			};
			name = Debug;
		};
		E175996324735B2F00939FDC /* Release */ = {
			isa = XCBuildConfiguration;
			baseConfigurationReference = 473FAFB7E0EC2F9CBA93D4F0 /* Pods-DropboxClientApp.release.xcconfig */;
			buildSettings = {
				ASSETCATALOG_COMPILER_APPICON_NAME = AppIcon;
				CODE_SIGN_STYLE = Automatic;
				INFOPLIST_FILE = DropboxClientApp/Info.plist;
				IPHONEOS_DEPLOYMENT_TARGET = 11.0;
				LD_RUNPATH_SEARCH_PATHS = (
					"$(inherited)",
					"@executable_path/Frameworks",
				);
				PRODUCT_BUNDLE_IDENTIFIER = com.org.DropboxClientApp;
				PRODUCT_NAME = "$(TARGET_NAME)";
				SWIFT_VERSION = 5.0;
				TARGETED_DEVICE_FAMILY = "1,2";
			};
			name = Release;
		};
		E175996524735B2F00939FDC /* Debug */ = {
			isa = XCBuildConfiguration;
			baseConfigurationReference = FA12EED5FA8897ACD0BF2C48 /* Pods-DropboxClientAppTests.debug.xcconfig */;
			buildSettings = {
				ALWAYS_EMBED_SWIFT_STANDARD_LIBRARIES = YES;
				BUNDLE_LOADER = "$(TEST_HOST)";
				CODE_SIGN_STYLE = Automatic;
				INFOPLIST_FILE = DropboxClientAppTests/Info.plist;
				IPHONEOS_DEPLOYMENT_TARGET = 13.4;
				LD_RUNPATH_SEARCH_PATHS = (
					"$(inherited)",
					"@executable_path/Frameworks",
					"@loader_path/Frameworks",
				);
				PRODUCT_BUNDLE_IDENTIFIER = com.org.DropboxClientAppTests;
				PRODUCT_NAME = "$(TARGET_NAME)";
				SWIFT_VERSION = 5.0;
				TARGETED_DEVICE_FAMILY = "1,2";
				TEST_HOST = "$(BUILT_PRODUCTS_DIR)/DropboxClientApp.app/DropboxClientApp";
			};
			name = Debug;
		};
		E175996624735B2F00939FDC /* Release */ = {
			isa = XCBuildConfiguration;
			baseConfigurationReference = 5DFA6922213151BF745A17D8 /* Pods-DropboxClientAppTests.release.xcconfig */;
			buildSettings = {
				ALWAYS_EMBED_SWIFT_STANDARD_LIBRARIES = YES;
				BUNDLE_LOADER = "$(TEST_HOST)";
				CODE_SIGN_STYLE = Automatic;
				INFOPLIST_FILE = DropboxClientAppTests/Info.plist;
				IPHONEOS_DEPLOYMENT_TARGET = 13.4;
				LD_RUNPATH_SEARCH_PATHS = (
					"$(inherited)",
					"@executable_path/Frameworks",
					"@loader_path/Frameworks",
				);
				PRODUCT_BUNDLE_IDENTIFIER = com.org.DropboxClientAppTests;
				PRODUCT_NAME = "$(TARGET_NAME)";
				SWIFT_VERSION = 5.0;
				TARGETED_DEVICE_FAMILY = "1,2";
				TEST_HOST = "$(BUILT_PRODUCTS_DIR)/DropboxClientApp.app/DropboxClientApp";
			};
			name = Release;
		};
/* End XCBuildConfiguration section */

/* Begin XCConfigurationList section */
		E175993D24735B2C00939FDC /* Build configuration list for PBXProject "DropboxClientApp" */ = {
			isa = XCConfigurationList;
			buildConfigurations = (
				E175995F24735B2F00939FDC /* Debug */,
				E175996024735B2F00939FDC /* Release */,
			);
			defaultConfigurationIsVisible = 0;
			defaultConfigurationName = Release;
		};
		E175996124735B2F00939FDC /* Build configuration list for PBXNativeTarget "DropboxClientApp" */ = {
			isa = XCConfigurationList;
			buildConfigurations = (
				E175996224735B2F00939FDC /* Debug */,
				E175996324735B2F00939FDC /* Release */,
			);
			defaultConfigurationIsVisible = 0;
			defaultConfigurationName = Release;
		};
		E175996424735B2F00939FDC /* Build configuration list for PBXNativeTarget "DropboxClientAppTests" */ = {
			isa = XCConfigurationList;
			buildConfigurations = (
				E175996524735B2F00939FDC /* Debug */,
				E175996624735B2F00939FDC /* Release */,
			);
			defaultConfigurationIsVisible = 0;
			defaultConfigurationName = Release;
		};
/* End XCConfigurationList section */
	};
	rootObject = E175993A24735B2C00939FDC /* Project object */;
}
